
Microsoft Visual Studio Solution File, Format Version 12.00
Project("{FAE04EC0-301F-11D3-BF4B-00C04F79EFBC}") = "CoreWebReact", "CoreWebReact\CoreWebReact.csproj", "{6FFCE505-EDD1-49C2-9173-0E8C3B006BBC}"
EndProject
Global
	GlobalSection(SolutionConfigurationPlatforms) = preSolution
		Debug|Any CPU = Debug|Any CPU
		Release|Any CPU = Release|Any CPU
	EndGlobalSection
	GlobalSection(ProjectConfigurationPlatforms) = postSolution
		{6FFCE505-EDD1-49C2-9173-0E8C3B006BBC}.Debug|Any CPU.ActiveCfg = Debug|Any CPU
		{6FFCE505-EDD1-49C2-9173-0E8C3B006BBC}.Debug|Any CPU.Build.0 = Debug|Any CPU
		{6FFCE505-EDD1-49C2-9173-0E8C3B006BBC}.Release|Any CPU.ActiveCfg = Release|Any CPU
		{6FFCE505-EDD1-49C2-9173-0E8C3B006BBC}.Release|Any CPU.Build.0 = Release|Any CPU
	EndGlobalSection
EndGlobal
